<?xml version="1.0" encoding="utf-8"?>
<Project ToolsVersion="4.0" xmlns="http://schemas.microsoft.com/developer/msbuild/2003">
  <ItemGroup>
    <Filter Include="Source Files">
      <UniqueIdentifier>{4FC737F1-C7A5-4376-A066-2A32D752A2FF}</UniqueIdentifier>
      <Extensions>cpp;c;cc;cxx;def;odl;idl;hpj;bat;asm;asmx</Extensions>
    </Filter>
    <Filter Include="Header Files">
      <UniqueIdentifier>{93995380-89BD-4b04-88EB-625FBE52EBFB}</UniqueIdentifier>
      <Extensions>h;hpp;hxx;hm;inl;inc;xsd</Extensions>
    </Filter>
  </ItemGroup>
  <ItemGroup>
    <ClCompile Include="R2Texture.cpp">
      <Filter>Source Files</Filter>
    </ClCompile>
    <ClCompile Include="R2Viewport.cpp">
      <Filter>Source Files</Filter>
    </ClCompile>
    <ClCompile Include="R3Brdf.cpp">
      <Filter>Source Files</Filter>
    </ClCompile>
    <ClCompile Include="R3Camera.cpp">
      <Filter>Source Files</Filter>
    </ClCompile>
    <ClCompile Include="R3DirectionalLight.cpp">
      <Filter>Source Files</Filter>
    </ClCompile>
    <ClCompile Include="R3Graphics.cpp">
      <Filter>Source Files</Filter>
    </ClCompile>
    <ClCompile Include="R3Light.cpp">
      <Filter>Source Files</Filter>
    </ClCompile>
    <ClCompile Include="R3Material.cpp">
      <Filter>Source Files</Filter>
    </ClCompile>
    <ClCompile Include="R3PointLight.cpp">
      <Filter>Source Files</Filter>
    </ClCompile>
    <ClCompile Include="R3Scene.cpp">
      <Filter>Source Files</Filter>
    </ClCompile>
    <ClCompile Include="R3SpotLight.cpp">
      <Filter>Source Files</Filter>
    </ClCompile>
    <ClCompile Include="R3Viewer.cpp">
      <Filter>Source Files</Filter>
    </ClCompile>
    <ClCompile Include="R3SceneNode.cpp">
      <Filter>Source Files</Filter>
    </ClCompile>
    <ClCompile Include="R3SceneElement.cpp">
      <Filter>Source Files</Filter>
    </ClCompile>
    <ClCompile Include="R3SceneReference.cpp">
      <Filter>Source Files</Filter>
    </ClCompile>
    <ClCompile Include="p5d.cpp">
      <Filter>Source Files</Filter>
    </ClCompile>
    <ClCompile Include="json.cpp">
      <Filter>Source Files</Filter>
    </ClCompile>
  </ItemGroup>
  <ItemGroup>
    <ClInclude Include="R2Texture.h">
      <Filter>Header Files</Filter>
    </ClInclude>
    <ClInclude Include="R2Viewport.h">
      <Filter>Header Files</Filter>
    </ClInclude>
    <ClInclude Include="R3Brdf.h">
      <Filter>Header Files</Filter>
    </ClInclude>
    <ClInclude Include="R3Camera.h">
      <Filter>Header Files</Filter>
    </ClInclude>
    <ClInclude Include="R3DirectionalLight.h">
      <Filter>Header Files</Filter>
    </ClInclude>
    <ClInclude Include="R3Graphics.h">
      <Filter>Header Files</Filter>
    </ClInclude>
    <ClInclude Include="R3Light.h">
      <Filter>Header Files</Filter>
    </ClInclude>
    <ClInclude Include="R3Material.h">
      <Filter>Header Files</Filter>
    </ClInclude>
    <ClInclude Include="R3PointLight.h">
      <Filter>Header Files</Filter>
    </ClInclude>
    <ClInclude Include="R3Scene.h">
      <Filter>Header Files</Filter>
    </ClInclude>
    <ClInclude Include="R3SpotLight.h">
      <Filter>Header Files</Filter>
    </ClInclude>
    <ClInclude Include="R3Viewer.h">
      <Filter>Header Files</Filter>
    </ClInclude>
    <ClInclude Include="R3SceneNode.h">
      <Filter>Header Files</Filter>
    </ClInclude>
    <ClInclude Include="R3SceneElement.h">
      <Filter>Header Files</Filter>
    </ClInclude>
    <ClInclude Include="R3SceneReference.h">
      <Filter>Header Files</Filter>
    </ClInclude>
    <ClInclude Include="p5d.h">
      <Filter>Header Files</Filter>
    </ClInclude>
    <ClInclude Include="json.h">
      <Filter>Header Files</Filter>
    </ClInclude>
  </ItemGroup>
</Project>
